<Solution>
  <Configurations>
    <Platform Name="x64" />
    <Platform Name="x86" />
  </Configurations>
  <Project Path="Settings/Settings.vcxproj" Id="a44d8bb2-9c60-4059-94a9-5474d2f5c9ba" />
  <Project Path="The-Previous-Desktop-Background/The-Previous-Desktop-Background.vcxproj" Id="f0421d63-d508-4c84-9cd7-d8c9359c0b9c" />
</Solution>
